
Microsoft Visual Studio Solution File, Format Version 12.00
# Visual Studio Version 16
VisualStudioVersion = 16.0.30128.74
MinimumVisualStudioVersion = 10.0.40219.1
Project("{FAE04EC0-301F-11D3-BF4B-00C04F79EFBC}") = "TesteDotNet", "TesteDotNet\TesteDotNet.csproj", "{DBAB167B-D609-4D46-8917-060B7C764B2A}"
EndProject
Global
	GlobalSection(SolutionConfigurationPlatforms) = preSolution
		Debug|Any CPU = Debug|Any CPU
		Release|Any CPU = Release|Any CPU
	EndGlobalSection
	GlobalSection(ProjectConfigurationPlatforms) = postSolution
		{DBAB167B-D609-4D46-8917-060B7C764B2A}.Debug|Any CPU.ActiveCfg = Debug|Any CPU
		{DBAB167B-D609-4D46-8917-060B7C764B2A}.Debug|Any CPU.Build.0 = Debug|Any CPU
		{DBAB167B-D609-4D46-8917-060B7C764B2A}.Release|Any CPU.ActiveCfg = Release|Any CPU
		{DBAB167B-D609-4D46-8917-060B7C764B2A}.Release|Any CPU.Build.0 = Release|Any CPU
	EndGlobalSection
	GlobalSection(SolutionProperties) = preSolution
		HideSolutionNode = FALSE
	EndGlobalSection
	GlobalSection(ExtensibilityGlobals) = postSolution
		SolutionGuid = {6460913C-5DED-4E84-B2B5-17884EB31A3D}
	EndGlobalSection
EndGlobal
